<?xml version="1.0" encoding="utf-8"?>
<Project ToolsVersion="4.0" xmlns="http://schemas.microsoft.com/developer/msbuild/2003">
  <ItemGroup>
    <Filter Include="source">
      <UniqueIdentifier>{fe7a56c6-2939-42cd-8f69-eafeabe3738c}</UniqueIdentifier>
    </Filter>
    <Filter Include="include">
      <UniqueIdentifier>{db5c3b79-d666-442a-b5f3-32e39f738cdb}</UniqueIdentifier>
    </Filter>
    <Filter Include="include\saturation">
      <UniqueIdentifier>{121ddaf0-a501-4ac4-b827-e9677a20699f}</UniqueIdentifier>
    </Filter>
  </ItemGroup>
  <ItemGroup>
    <ClInclude Include="include\saturating_types.hpp">
      <Filter>include</Filter>
    </ClInclude>
  </ItemGroup>
  <ItemGroup>
    <ClCompile Include="source\main.cpp">
      <Filter>source</Filter>
    </ClCompile>
  </ItemGroup>
</Project>